
Microsoft Visual Studio Solution File, Format Version 12.00
Project("{FAE04EC0-301F-11D3-BF4B-00C04F79EFBC}") = "LexBot.Generator", "LexBot\LexBot.Generator\LexBot.Generator.csproj", "{64F8C334-5E55-443D-9739-FC5E4B5D44A6}"
EndProject
Global
	GlobalSection(SolutionConfigurationPlatforms) = preSolution
		Debug|Any CPU = Debug|Any CPU
		Release|Any CPU = Release|Any CPU
	EndGlobalSection
	GlobalSection(ProjectConfigurationPlatforms) = postSolution
		{64F8C334-5E55-443D-9739-FC5E4B5D44A6}.Debug|Any CPU.ActiveCfg = Debug|Any CPU
		{64F8C334-5E55-443D-9739-FC5E4B5D44A6}.Debug|Any CPU.Build.0 = Debug|Any CPU
		{64F8C334-5E55-443D-9739-FC5E4B5D44A6}.Release|Any CPU.ActiveCfg = Release|Any CPU
		{64F8C334-5E55-443D-9739-FC5E4B5D44A6}.Release|Any CPU.Build.0 = Release|Any CPU
	EndGlobalSection
EndGlobal
